// !$*UTF8*$!
{
	archiveVersion = 1;
	classes = {
	};
	objectVersion = 56;
	objects = {

/* Begin PBXBuildFile section */
		9E2FE65429B2457A00531766 /* AppDelegate.swift in Sources */ = {isa = PBXBuildFile; fileRef = 9E2FE65329B2457A00531766 /* AppDelegate.swift */; };
		9E2FE65629B2457A00531766 /* SceneDelegate.swift in Sources */ = {isa = PBXBuildFile; fileRef = 9E2FE65529B2457A00531766 /* SceneDelegate.swift */; };
		9E2FE65829B2457A00531766 /* ViewController.swift in Sources */ = {isa = PBXBuildFile; fileRef = 9E2FE65729B2457A00531766 /* ViewController.swift */; };
		9E2FE65B29B2457A00531766 /* Main.storyboard in Resources */ = {isa = PBXBuildFile; fileRef = 9E2FE65929B2457A00531766 /* Main.storyboard */; };
		9E2FE65D29B2457B00531766 /* Assets.xcassets in Resources */ = {isa = PBXBuildFile; fileRef = 9E2FE65C29B2457B00531766 /* Assets.xcassets */; };
		9E2FE66029B2457B00531766 /* LaunchScreen.storyboard in Resources */ = {isa = PBXBuildFile; fileRef = 9E2FE65E29B2457B00531766 /* LaunchScreen.storyboard */; };
		9E2FE66B29B2457C00531766 /* TestsAppTests.swift in Sources */ = {isa = PBXBuildFile; fileRef = 9E2FE66A29B2457C00531766 /* TestsAppTests.swift */; };
		9E2FE67529B2457C00531766 /* TestsAppUITests.swift in Sources */ = {isa = PBXBuildFile; fileRef = 9E2FE67429B2457C00531766 /* TestsAppUITests.swift */; };
		9E2FE67729B2457C00531766 /* TestsAppUITestsLaunchTests.swift in Sources */ = {isa = PBXBuildFile; fileRef = 9E2FE67629B2457C00531766 /* TestsAppUITestsLaunchTests.swift */; };
		9E2FE68429B248B000531766 /* MathService.swift in Sources */ = {isa = PBXBuildFile; fileRef = 9E2FE68329B248B000531766 /* MathService.swift */; };
/* End PBXBuildFile section */

/* Begin PBXContainerItemProxy section */
		9E2FE66729B2457C00531766 /* PBXContainerItemProxy */ = {
			isa = PBXContainerItemProxy;
			containerPortal = 9E2FE64829B2457A00531766 /* Project object */;
			proxyType = 1;
			remoteGlobalIDString = 9E2FE64F29B2457A00531766;
			remoteInfo = TestsApp;
		};
		9E2FE67129B2457C00531766 /* PBXContainerItemProxy */ = {
			isa = PBXContainerItemProxy;
			containerPortal = 9E2FE64829B2457A00531766 /* Project object */;
			proxyType = 1;
			remoteGlobalIDString = 9E2FE64F29B2457A00531766;
			remoteInfo = TestsApp;
		};
/* End PBXContainerItemProxy section */

/* Begin PBXFileReference section */
		9E2FE65029B2457A00531766 /* TestsApp.app */ = {isa = PBXFileReference; explicitFileType = wrapper.application; includeInIndex = 0; path = TestsApp.app; sourceTree = BUILT_PRODUCTS_DIR; };
		9E2FE65329B2457A00531766 /* AppDelegate.swift */ = {isa = PBXFileReference; lastKnownFileType = sourcecode.swift; path = AppDelegate.swift; sourceTree = "<group>"; };
		9E2FE65529B2457A00531766 /* SceneDelegate.swift */ = {isa = PBXFileReference; lastKnownFileType = sourcecode.swift; path = SceneDelegate.swift; sourceTree = "<group>"; };
		9E2FE65729B2457A00531766 /* ViewController.swift */ = {isa = PBXFileReference; lastKnownFileType = sourcecode.swift; path = ViewController.swift; sourceTree = "<group>"; };
		9E2FE65A29B2457A00531766 /* Base */ = {isa = PBXFileReference; lastKnownFileType = file.storyboard; name = Base; path = Base.lproj/Main.storyboard; sourceTree = "<group>"; };
		9E2FE65C29B2457B00531766 /* Assets.xcassets */ = {isa = PBXFileReference; lastKnownFileType = folder.assetcatalog; path = Assets.xcassets; sourceTree = "<group>"; };
		9E2FE65F29B2457B00531766 /* Base */ = {isa = PBXFileReference; lastKnownFileType = file.storyboard; name = Base; path = Base.lproj/LaunchScreen.storyboard; sourceTree = "<group>"; };
		9E2FE66129B2457B00531766 /* Info.plist */ = {isa = PBXFileReference; lastKnownFileType = text.plist.xml; path = Info.plist; sourceTree = "<group>"; };
		9E2FE66629B2457C00531766 /* TestsAppTests.xctest */ = {isa = PBXFileReference; explicitFileType = wrapper.cfbundle; includeInIndex = 0; path = TestsAppTests.xctest; sourceTree = BUILT_PRODUCTS_DIR; };
		9E2FE66A29B2457C00531766 /* TestsAppTests.swift */ = {isa = PBXFileReference; lastKnownFileType = sourcecode.swift; path = TestsAppTests.swift; sourceTree = "<group>"; };
		9E2FE67029B2457C00531766 /* TestsAppUITests.xctest */ = {isa = PBXFileReference; explicitFileType = wrapper.cfbundle; includeInIndex = 0; path = TestsAppUITests.xctest; sourceTree = BUILT_PRODUCTS_DIR; };
		9E2FE67429B2457C00531766 /* TestsAppUITests.swift */ = {isa = PBXFileReference; lastKnownFileType = sourcecode.swift; path = TestsAppUITests.swift; sourceTree = "<group>"; };
		9E2FE67629B2457C00531766 /* TestsAppUITestsLaunchTests.swift */ = {isa = PBXFileReference; lastKnownFileType = sourcecode.swift; path = TestsAppUITestsLaunchTests.swift; sourceTree = "<group>"; };
		9E2FE68329B248B000531766 /* MathService.swift */ = {isa = PBXFileReference; lastKnownFileType = sourcecode.swift; path = MathService.swift; sourceTree = "<group>"; };
/* End PBXFileReference section */

/* Begin PBXFrameworksBuildPhase section */
		9E2FE64D29B2457A00531766 /* Frameworks */ = {
			isa = PBXFrameworksBuildPhase;
			buildActionMask = 2147483647;
			files = (
			);
			runOnlyForDeploymentPostprocessing = 0;
		};
		9E2FE66329B2457C00531766 /* Frameworks */ = {
			isa = PBXFrameworksBuildPhase;
			buildActionMask = 2147483647;
			files = (
			);
			runOnlyForDeploymentPostprocessing = 0;
		};
		9E2FE66D29B2457C00531766 /* Frameworks */ = {
			isa = PBXFrameworksBuildPhase;
			buildActionMask = 2147483647;
			files = (
			);
			runOnlyForDeploymentPostprocessing = 0;
		};
/* End PBXFrameworksBuildPhase section */

/* Begin PBXGroup section */
		9E2FE64729B2457A00531766 = {
			isa = PBXGroup;
			children = (
				9E2FE65229B2457A00531766 /* TestsApp */,
				9E2FE66929B2457C00531766 /* TestsAppTests */,
				9E2FE67329B2457C00531766 /* TestsAppUITests */,
				9E2FE65129B2457A00531766 /* Products */,
			);
			sourceTree = "<group>";
		};
		9E2FE65129B2457A00531766 /* Products */ = {
			isa = PBXGroup;
			children = (
				9E2FE65029B2457A00531766 /* TestsApp.app */,
				9E2FE66629B2457C00531766 /* TestsAppTests.xctest */,
				9E2FE67029B2457C00531766 /* TestsAppUITests.xctest */,
			);
			name = Products;
			sourceTree = "<group>";
		};
		9E2FE65229B2457A00531766 /* TestsApp */ = {
			isa = PBXGroup;
			children = (
				9E2FE68829B736AC00531766 /* Controllers */,
				9E2FE68729B736A000531766 /* Support */,
				9E2FE68629B7369200531766 /* Views */,
				9E2FE68529B7367A00531766 /* Managers */,
				9E2FE65C29B2457B00531766 /* Assets.xcassets */,
				9E2FE66129B2457B00531766 /* Info.plist */,
			);
			path = TestsApp;
			sourceTree = "<group>";
		};
		9E2FE66929B2457C00531766 /* TestsAppTests */ = {
			isa = PBXGroup;
			children = (
				9E2FE66A29B2457C00531766 /* TestsAppTests.swift */,
			);
			path = TestsAppTests;
			sourceTree = "<group>";
		};
		9E2FE67329B2457C00531766 /* TestsAppUITests */ = {
			isa = PBXGroup;
			children = (
				9E2FE67429B2457C00531766 /* TestsAppUITests.swift */,
				9E2FE67629B2457C00531766 /* TestsAppUITestsLaunchTests.swift */,
			);
			path = TestsAppUITests;
			sourceTree = "<group>";
		};
		9E2FE68529B7367A00531766 /* Managers */ = {
			isa = PBXGroup;
			children = (
				9E2FE68329B248B000531766 /* MathService.swift */,
			);
			path = Managers;
			sourceTree = "<group>";
		};
		9E2FE68629B7369200531766 /* Views */ = {
			isa = PBXGroup;
			children = (
				9E2FE65E29B2457B00531766 /* LaunchScreen.storyboard */,
				9E2FE65929B2457A00531766 /* Main.storyboard */,
			);
			path = Views;
			sourceTree = "<group>";
		};
		9E2FE68729B736A000531766 /* Support */ = {
			isa = PBXGroup;
			children = (
				9E2FE65529B2457A00531766 /* SceneDelegate.swift */,
				9E2FE65329B2457A00531766 /* AppDelegate.swift */,
			);
			path = Support;
			sourceTree = "<group>";
		};
		9E2FE68829B736AC00531766 /* Controllers */ = {
			isa = PBXGroup;
			children = (
				9E2FE65729B2457A00531766 /* ViewController.swift */,
			);
			path = Controllers;
			sourceTree = "<group>";
		};
/* End PBXGroup section */

/* Begin PBXNativeTarget section */
		9E2FE64F29B2457A00531766 /* TestsApp */ = {
			isa = PBXNativeTarget;
			buildConfigurationList = 9E2FE67A29B2457C00531766 /* Build configuration list for PBXNativeTarget "TestsApp" */;
			buildPhases = (
				9E2FE64C29B2457A00531766 /* Sources */,
				9E2FE64D29B2457A00531766 /* Frameworks */,
				9E2FE64E29B2457A00531766 /* Resources */,
			);
			buildRules = (
			);
			dependencies = (
			);
			name = TestsApp;
			productName = TestsApp;
			productReference = 9E2FE65029B2457A00531766 /* TestsApp.app */;
			productType = "com.apple.product-type.application";
		};
		9E2FE66529B2457C00531766 /* TestsAppTests */ = {
			isa = PBXNativeTarget;
			buildConfigurationList = 9E2FE67D29B2457C00531766 /* Build configuration list for PBXNativeTarget "TestsAppTests" */;
			buildPhases = (
				9E2FE66229B2457C00531766 /* Sources */,
				9E2FE66329B2457C00531766 /* Frameworks */,
				9E2FE66429B2457C00531766 /* Resources */,
			);
			buildRules = (
			);
			dependencies = (
				9E2FE66829B2457C00531766 /* PBXTargetDependency */,
			);
			name = TestsAppTests;
			productName = TestsAppTests;
			productReference = 9E2FE66629B2457C00531766 /* TestsAppTests.xctest */;
			productType = "com.apple.product-type.bundle.unit-test";
		};
		9E2FE66F29B2457C00531766 /* TestsAppUITests */ = {
			isa = PBXNativeTarget;
			buildConfigurationList = 9E2FE68029B2457C00531766 /* Build configuration list for PBXNativeTarget "TestsAppUITests" */;
			buildPhases = (
				9E2FE66C29B2457C00531766 /* Sources */,
				9E2FE66D29B2457C00531766 /* Frameworks */,
				9E2FE66E29B2457C00531766 /* Resources */,
			);
			buildRules = (
			);
			dependencies = (
				9E2FE67229B2457C00531766 /* PBXTargetDependency */,
			);
			name = TestsAppUITests;
			productName = TestsAppUITests;
			productReference = 9E2FE67029B2457C00531766 /* TestsAppUITests.xctest */;
			productType = "com.apple.product-type.bundle.ui-testing";
		};
/* End PBXNativeTarget section */

/* Begin PBXProject section */
		9E2FE64829B2457A00531766 /* Project object */ = {
			isa = PBXProject;
			attributes = {
				BuildIndependentTargetsInParallel = 1;
				LastSwiftUpdateCheck = 1420;
				LastUpgradeCheck = 1420;
				TargetAttributes = {
					9E2FE64F29B2457A00531766 = {
						CreatedOnToolsVersion = 14.2;
					};
					9E2FE66529B2457C00531766 = {
						CreatedOnToolsVersion = 14.2;
						TestTargetID = 9E2FE64F29B2457A00531766;
					};
					9E2FE66F29B2457C00531766 = {
						CreatedOnToolsVersion = 14.2;
						TestTargetID = 9E2FE64F29B2457A00531766;
					};
				};
			};
			buildConfigurationList = 9E2FE64B29B2457A00531766 /* Build configuration list for PBXProject "TestsApp" */;
			compatibilityVersion = "Xcode 14.0";
			developmentRegion = en;
			hasScannedForEncodings = 0;
			knownRegions = (
				en,
				Base,
			);
			mainGroup = 9E2FE64729B2457A00531766;
			productRefGroup = 9E2FE65129B2457A00531766 /* Products */;
			projectDirPath = "";
			projectRoot = "";
			targets = (
				9E2FE64F29B2457A00531766 /* TestsApp */,
				9E2FE66529B2457C00531766 /* TestsAppTests */,
				9E2FE66F29B2457C00531766 /* TestsAppUITests */,
			);
		};
/* End PBXProject section */

/* Begin PBXResourcesBuildPhase section */
		9E2FE64E29B2457A00531766 /* Resources */ = {
			isa = PBXResourcesBuildPhase;
			buildActionMask = 2147483647;
			files = (
				9E2FE66029B2457B00531766 /* LaunchScreen.storyboard in Resources */,
				9E2FE65D29B2457B00531766 /* Assets.xcassets in Resources */,
				9E2FE65B29B2457A00531766 /* Main.storyboard in Resources */,
			);
			runOnlyForDeploymentPostprocessing = 0;
		};
		9E2FE66429B2457C00531766 /* Resources */ = {
			isa = PBXResourcesBuildPhase;
			buildActionMask = 2147483647;
			files = (
			);
			runOnlyForDeploymentPostprocessing = 0;
		};
		9E2FE66E29B2457C00531766 /* Resources */ = {
			isa = PBXResourcesBuildPhase;
			buildActionMask = 2147483647;
			files = (
			);
			runOnlyForDeploymentPostprocessing = 0;
		};
/* End PBXResourcesBuildPhase section */

/* Begin PBXSourcesBuildPhase section */
		9E2FE64C29B2457A00531766 /* Sources */ = {
			isa = PBXSourcesBuildPhase;
			buildActionMask = 2147483647;
			files = (
				9E2FE68429B248B000531766 /* MathService.swift in Sources */,
				9E2FE65829B2457A00531766 /* ViewController.swift in Sources */,
				9E2FE65429B2457A00531766 /* AppDelegate.swift in Sources */,
				9E2FE65629B2457A00531766 /* SceneDelegate.swift in Sources */,
			);
			runOnlyForDeploymentPostprocessing = 0;
		};
		9E2FE66229B2457C00531766 /* Sources */ = {
			isa = PBXSourcesBuildPhase;
			buildActionMask = 2147483647;
			files = (
				9E2FE66B29B2457C00531766 /* TestsAppTests.swift in Sources */,
			);
			runOnlyForDeploymentPostprocessing = 0;
		};
		9E2FE66C29B2457C00531766 /* Sources */ = {
			isa = PBXSourcesBuildPhase;
			buildActionMask = 2147483647;
			files = (
				9E2FE67729B2457C00531766 /* TestsAppUITestsLaunchTests.swift in Sources */,
				9E2FE67529B2457C00531766 /* TestsAppUITests.swift in Sources */,
			);
			runOnlyForDeploymentPostprocessing = 0;
		};
/* End PBXSourcesBuildPhase section */

/* Begin PBXTargetDependency section */
		9E2FE66829B2457C00531766 /* PBXTargetDependency */ = {
			isa = PBXTargetDependency;
			target = 9E2FE64F29B2457A00531766 /* TestsApp */;
			targetProxy = 9E2FE66729B2457C00531766 /* PBXContainerItemProxy */;
		};
		9E2FE67229B2457C00531766 /* PBXTargetDependency */ = {
			isa = PBXTargetDependency;
			target = 9E2FE64F29B2457A00531766 /* TestsApp */;
			targetProxy = 9E2FE67129B2457C00531766 /* PBXContainerItemProxy */;
		};
/* End PBXTargetDependency section */

/* Begin PBXVariantGroup section */
		9E2FE65929B2457A00531766 /* Main.storyboard */ = {
			isa = PBXVariantGroup;
			children = (
				9E2FE65A29B2457A00531766 /* Base */,
			);
			name = Main.storyboard;
			sourceTree = "<group>";
		};
		9E2FE65E29B2457B00531766 /* LaunchScreen.storyboard */ = {
			isa = PBXVariantGroup;
			children = (
				9E2FE65F29B2457B00531766 /* Base */,
			);
			name = LaunchScreen.storyboard;
			sourceTree = "<group>";
		};
/* End PBXVariantGroup section */

/* Begin XCBuildConfiguration section */
		9E2FE67829B2457C00531766 /* Debug */ = {
			isa = XCBuildConfiguration;
			buildSettings = {
				ALWAYS_SEARCH_USER_PATHS = NO;
				CLANG_ANALYZER_NONNULL = YES;
				CLANG_ANALYZER_NUMBER_OBJECT_CONVERSION = YES_AGGRESSIVE;
				CLANG_CXX_LANGUAGE_STANDARD = "gnu++20";
				CLANG_ENABLE_MODULES = YES;
				CLANG_ENABLE_OBJC_ARC = YES;
				CLANG_ENABLE_OBJC_WEAK = YES;
				CLANG_WARN_BLOCK_CAPTURE_AUTORELEASING = YES;
				CLANG_WARN_BOOL_CONVERSION = YES;
				CLANG_WARN_COMMA = YES;
				CLANG_WARN_CONSTANT_CONVERSION = YES;
				CLANG_WARN_DEPRECATED_OBJC_IMPLEMENTATIONS = YES;
				CLANG_WARN_DIRECT_OBJC_ISA_USAGE = YES_ERROR;
				CLANG_WARN_DOCUMENTATION_COMMENTS = YES;
				CLANG_WARN_EMPTY_BODY = YES;
				CLANG_WARN_ENUM_CONVERSION = YES;
				CLANG_WARN_INFINITE_RECURSION = YES;
				CLANG_WARN_INT_CONVERSION = YES;
				CLANG_WARN_NON_LITERAL_NULL_CONVERSION = YES;
				CLANG_WARN_OBJC_IMPLICIT_RETAIN_SELF = YES;
				CLANG_WARN_OBJC_LITERAL_CONVERSION = YES;
				CLANG_WARN_OBJC_ROOT_CLASS = YES_ERROR;
				CLANG_WARN_QUOTED_INCLUDE_IN_FRAMEWORK_HEADER = YES;
				CLANG_WARN_RANGE_LOOP_ANALYSIS = YES;
				CLANG_WARN_STRICT_PROTOTYPES = YES;
				CLANG_WARN_SUSPICIOUS_MOVE = YES;
				CLANG_WARN_UNGUARDED_AVAILABILITY = YES_AGGRESSIVE;
				CLANG_WARN_UNREACHABLE_CODE = YES;
				CLANG_WARN__DUPLICATE_METHOD_MATCH = YES;
				COPY_PHASE_STRIP = NO;
				DEBUG_INFORMATION_FORMAT = dwarf;
				ENABLE_STRICT_OBJC_MSGSEND = YES;
				ENABLE_TESTABILITY = YES;
				GCC_C_LANGUAGE_STANDARD = gnu11;
				GCC_DYNAMIC_NO_PIC = NO;
				GCC_NO_COMMON_BLOCKS = YES;
				GCC_OPTIMIZATION_LEVEL = 0;
				GCC_PREPROCESSOR_DEFINITIONS = (
					"DEBUG=1",
					"$(inherited)",
				);
				GCC_WARN_64_TO_32_BIT_CONVERSION = YES;
				GCC_WARN_ABOUT_RETURN_TYPE = YES_ERROR;
				GCC_WARN_UNDECLARED_SELECTOR = YES;
				GCC_WARN_UNINITIALIZED_AUTOS = YES_AGGRESSIVE;
				GCC_WARN_UNUSED_FUNCTION = YES;
				GCC_WARN_UNUSED_VARIABLE = YES;
				IPHONEOS_DEPLOYMENT_TARGET = 16.2;
				MTL_ENABLE_DEBUG_INFO = INCLUDE_SOURCE;
				MTL_FAST_MATH = YES;
				ONLY_ACTIVE_ARCH = YES;
				SDKROOT = iphoneos;
				SWIFT_ACTIVE_COMPILATION_CONDITIONS = DEBUG;
				SWIFT_OPTIMIZATION_LEVEL = "-Onone";
			};
			name = Debug;
		};
		9E2FE67929B2457C00531766 /* Release */ = {
			isa = XCBuildConfiguration;
			buildSettings = {
				ALWAYS_SEARCH_USER_PATHS = NO;
				CLANG_ANALYZER_NONNULL = YES;
				CLANG_ANALYZER_NUMBER_OBJECT_CONVERSION = YES_AGGRESSIVE;
				CLANG_CXX_LANGUAGE_STANDARD = "gnu++20";
				CLANG_ENABLE_MODULES = YES;
				CLANG_ENABLE_OBJC_ARC = YES;
				CLANG_ENABLE_OBJC_WEAK = YES;
				CLANG_WARN_BLOCK_CAPTURE_AUTORELEASING = YES;
				CLANG_WARN_BOOL_CONVERSION = YES;
				CLANG_WARN_COMMA = YES;
				CLANG_WARN_CONSTANT_CONVERSION = YES;
				CLANG_WARN_DEPRECATED_OBJC_IMPLEMENTATIONS = YES;
				CLANG_WARN_DIRECT_OBJC_ISA_USAGE = YES_ERROR;
				CLANG_WARN_DOCUMENTATION_COMMENTS = YES;
				CLANG_WARN_EMPTY_BODY = YES;
				CLANG_WARN_ENUM_CONVERSION = YES;
				CLANG_WARN_INFINITE_RECURSION = YES;
				CLANG_WARN_INT_CONVERSION = YES;
				CLANG_WARN_NON_LITERAL_NULL_CONVERSION = YES;
				CLANG_WARN_OBJC_IMPLICIT_RETAIN_SELF = YES;
				CLANG_WARN_OBJC_LITERAL_CONVERSION = YES;
				CLANG_WARN_OBJC_ROOT_CLASS = YES_ERROR;
				CLANG_WARN_QUOTED_INCLUDE_IN_FRAMEWORK_HEADER = YES;
				CLANG_WARN_RANGE_LOOP_ANALYSIS = YES;
				CLANG_WARN_STRICT_PROTOTYPES = YES;
				CLANG_WARN_SUSPICIOUS_MOVE = YES;
				CLANG_WARN_UNGUARDED_AVAILABILITY = YES_AGGRESSIVE;
				CLANG_WARN_UNREACHABLE_CODE = YES;
				CLANG_WARN__DUPLICATE_METHOD_MATCH = YES;
				COPY_PHASE_STRIP = NO;
				DEBUG_INFORMATION_FORMAT = "dwarf-with-dsym";
				ENABLE_NS_ASSERTIONS = NO;
				ENABLE_STRICT_OBJC_MSGSEND = YES;
				GCC_C_LANGUAGE_STANDARD = gnu11;
				GCC_NO_COMMON_BLOCKS = YES;
				GCC_WARN_64_TO_32_BIT_CONVERSION = YES;
				GCC_WARN_ABOUT_RETURN_TYPE = YES_ERROR;
				GCC_WARN_UNDECLARED_SELECTOR = YES;
				GCC_WARN_UNINITIALIZED_AUTOS = YES_AGGRESSIVE;
				GCC_WARN_UNUSED_FUNCTION = YES;
				GCC_WARN_UNUSED_VARIABLE = YES;
				IPHONEOS_DEPLOYMENT_TARGET = 16.2;
				MTL_ENABLE_DEBUG_INFO = NO;
				MTL_FAST_MATH = YES;
				SDKROOT = iphoneos;
				SWIFT_COMPILATION_MODE = wholemodule;
				SWIFT_OPTIMIZATION_LEVEL = "-O";
				VALIDATE_PRODUCT = YES;
			};
			name = Release;
		};
		9E2FE67B29B2457C00531766 /* Debug */ = {
			isa = XCBuildConfiguration;
			buildSettings = {
				ASSETCATALOG_COMPILER_APPICON_NAME = AppIcon;
				ASSETCATALOG_COMPILER_GLOBAL_ACCENT_COLOR_NAME = AccentColor;
				CODE_SIGN_STYLE = Automatic;
				CURRENT_PROJECT_VERSION = 1;
				GENERATE_INFOPLIST_FILE = YES;
				INFOPLIST_FILE = TestsApp/Info.plist;
				INFOPLIST_KEY_UIApplicationSupportsIndirectInputEvents = YES;
				INFOPLIST_KEY_UILaunchStoryboardName = LaunchScreen;
				INFOPLIST_KEY_UIMainStoryboardFile = Main;
				INFOPLIST_KEY_UISupportedInterfaceOrientations_iPad = "UIInterfaceOrientationPortrait UIInterfaceOrientationPortraitUpsideDown UIInterfaceOrientationLandscapeLeft UIInterfaceOrientationLandscapeRight";
				INFOPLIST_KEY_UISupportedInterfaceOrientations_iPhone = "UIInterfaceOrientationPortrait UIInterfaceOrientationLandscapeLeft UIInterfaceOrientationLandscapeRight";
				LD_RUNPATH_SEARCH_PATHS = (
					"$(inherited)",
					"@executable_path/Frameworks",
				);
				MARKETING_VERSION = 1.0;
				PRODUCT_BUNDLE_IDENTIFIER = com.i39.TestsApp;
				PRODUCT_NAME = "$(TARGET_NAME)";
				SWIFT_EMIT_LOC_STRINGS = YES;
				SWIFT_VERSION = 5.0;
				TARGETED_DEVICE_FAMILY = "1,2";
			};
			name = Debug;
		};
		9E2FE67C29B2457C00531766 /* Release */ = {
			isa = XCBuildConfiguration;
			buildSettings = {
				ASSETCATALOG_COMPILER_APPICON_NAME = AppIcon;
				ASSETCATALOG_COMPILER_GLOBAL_ACCENT_COLOR_NAME = AccentColor;
				CODE_SIGN_STYLE = Automatic;
				CURRENT_PROJECT_VERSION = 1;
				GENERATE_INFOPLIST_FILE = YES;
				INFOPLIST_FILE = TestsApp/Info.plist;
				INFOPLIST_KEY_UIApplicationSupportsIndirectInputEvents = YES;
				INFOPLIST_KEY_UILaunchStoryboardName = LaunchScreen;
				INFOPLIST_KEY_UIMainStoryboardFile = Main;
				INFOPLIST_KEY_UISupportedInterfaceOrientations_iPad = "UIInterfaceOrientationPortrait UIInterfaceOrientationPortraitUpsideDown UIInterfaceOrientationLandscapeLeft UIInterfaceOrientationLandscapeRight";
				INFOPLIST_KEY_UISupportedInterfaceOrientations_iPhone = "UIInterfaceOrientationPortrait UIInterfaceOrientationLandscapeLeft UIInterfaceOrientationLandscapeRight";
				LD_RUNPATH_SEARCH_PATHS = (
					"$(inherited)",
					"@executable_path/Frameworks",
				);
				MARKETING_VERSION = 1.0;
				PRODUCT_BUNDLE_IDENTIFIER = com.i39.TestsApp;
				PRODUCT_NAME = "$(TARGET_NAME)";
				SWIFT_EMIT_LOC_STRINGS = YES;
				SWIFT_VERSION = 5.0;
				TARGETED_DEVICE_FAMILY = "1,2";
			};
			name = Release;
		};
		9E2FE67E29B2457C00531766 /* Debug */ = {
			isa = XCBuildConfiguration;
			buildSettings = {
				ALWAYS_EMBED_SWIFT_STANDARD_LIBRARIES = YES;
				BUNDLE_LOADER = "$(TEST_HOST)";
				CODE_SIGN_STYLE = Automatic;
				CURRENT_PROJECT_VERSION = 1;
				GENERATE_INFOPLIST_FILE = YES;
				IPHONEOS_DEPLOYMENT_TARGET = 16.2;
				MARKETING_VERSION = 1.0;
				PRODUCT_BUNDLE_IDENTIFIER = com.i39.TestsAppTests;
				PRODUCT_NAME = "$(TARGET_NAME)";
				SWIFT_EMIT_LOC_STRINGS = NO;
				SWIFT_VERSION = 5.0;
				TARGETED_DEVICE_FAMILY = "1,2";
				TEST_HOST = "$(BUILT_PRODUCTS_DIR)/TestsApp.app/$(BUNDLE_EXECUTABLE_FOLDER_PATH)/TestsApp";
			};
			name = Debug;
		};
		9E2FE67F29B2457C00531766 /* Release */ = {
			isa = XCBuildConfiguration;
			buildSettings = {
				ALWAYS_EMBED_SWIFT_STANDARD_LIBRARIES = YES;
				BUNDLE_LOADER = "$(TEST_HOST)";
				CODE_SIGN_STYLE = Automatic;
				CURRENT_PROJECT_VERSION = 1;
				GENERATE_INFOPLIST_FILE = YES;
				IPHONEOS_DEPLOYMENT_TARGET = 16.2;
				MARKETING_VERSION = 1.0;
				PRODUCT_BUNDLE_IDENTIFIER = com.i39.TestsAppTests;
				PRODUCT_NAME = "$(TARGET_NAME)";
				SWIFT_EMIT_LOC_STRINGS = NO;
				SWIFT_VERSION = 5.0;
				TARGETED_DEVICE_FAMILY = "1,2";
				TEST_HOST = "$(BUILT_PRODUCTS_DIR)/TestsApp.app/$(BUNDLE_EXECUTABLE_FOLDER_PATH)/TestsApp";
			};
			name = Release;
		};
		9E2FE68129B2457C00531766 /* Debug */ = {
			isa = XCBuildConfiguration;
			buildSettings = {
				ALWAYS_EMBED_SWIFT_STANDARD_LIBRARIES = YES;
				CODE_SIGN_STYLE = Automatic;
				CURRENT_PROJECT_VERSION = 1;
				GENERATE_INFOPLIST_FILE = YES;
				MARKETING_VERSION = 1.0;
				PRODUCT_BUNDLE_IDENTIFIER = com.i39.TestsAppUITests;
				PRODUCT_NAME = "$(TARGET_NAME)";
				SWIFT_EMIT_LOC_STRINGS = NO;
				SWIFT_VERSION = 5.0;
				TARGETED_DEVICE_FAMILY = "1,2";
				TEST_TARGET_NAME = TestsApp;
			};
			name = Debug;
		};
		9E2FE68229B2457C00531766 /* Release */ = {
			isa = XCBuildConfiguration;
			buildSettings = {
				ALWAYS_EMBED_SWIFT_STANDARD_LIBRARIES = YES;
				CODE_SIGN_STYLE = Automatic;
				CURRENT_PROJECT_VERSION = 1;
				GENERATE_INFOPLIST_FILE = YES;
				MARKETING_VERSION = 1.0;
				PRODUCT_BUNDLE_IDENTIFIER = com.i39.TestsAppUITests;
				PRODUCT_NAME = "$(TARGET_NAME)";
				SWIFT_EMIT_LOC_STRINGS = NO;
				SWIFT_VERSION = 5.0;
				TARGETED_DEVICE_FAMILY = "1,2";
				TEST_TARGET_NAME = TestsApp;
			};
			name = Release;
		};
/* End XCBuildConfiguration section */

/* Begin XCConfigurationList section */
		9E2FE64B29B2457A00531766 /* Build configuration list for PBXProject "TestsApp" */ = {
			isa = XCConfigurationList;
			buildConfigurations = (
				9E2FE67829B2457C00531766 /* Debug */,
				9E2FE67929B2457C00531766 /* Release */,
			);
			defaultConfigurationIsVisible = 0;
			defaultConfigurationName = Release;
		};
		9E2FE67A29B2457C00531766 /* Build configuration list for PBXNativeTarget "TestsApp" */ = {
			isa = XCConfigurationList;
			buildConfigurations = (
				9E2FE67B29B2457C00531766 /* Debug */,
				9E2FE67C29B2457C00531766 /* Release */,
			);
			defaultConfigurationIsVisible = 0;
			defaultConfigurationName = Release;
		};
		9E2FE67D29B2457C00531766 /* Build configuration list for PBXNativeTarget "TestsAppTests" */ = {
			isa = XCConfigurationList;
			buildConfigurations = (
				9E2FE67E29B2457C00531766 /* Debug */,
				9E2FE67F29B2457C00531766 /* Release */,
			);
			defaultConfigurationIsVisible = 0;
			defaultConfigurationName = Release;
		};
		9E2FE68029B2457C00531766 /* Build configuration list for PBXNativeTarget "TestsAppUITests" */ = {
			isa = XCConfigurationList;
			buildConfigurations = (
				9E2FE68129B2457C00531766 /* Debug */,
				9E2FE68229B2457C00531766 /* Release */,
			);
			defaultConfigurationIsVisible = 0;
			defaultConfigurationName = Release;
		};
/* End XCConfigurationList section */
	};
	rootObject = 9E2FE64829B2457A00531766 /* Project object */;
}
